
Microsoft Visual Studio Solution File, Format Version 12.00
# Visual Studio 15
VisualStudioVersion = 15.0.28307.271
MinimumVisualStudioVersion = 10.0.40219.1
Project("{FAE04EC0-301F-11D3-BF4B-00C04F79EFBC}") = "Practica_6_1_vnt", "Practica_6_1_vnt\Practica_6_1_vnt.csproj", "{EE42BF66-19A2-4C2A-A152-6CAA7E64D3F1}"
EndProject
Global
	GlobalSection(SolutionConfigurationPlatforms) = preSolution
		Debug|Any CPU = Debug|Any CPU
		Release|Any CPU = Release|Any CPU
	EndGlobalSection
	GlobalSection(ProjectConfigurationPlatforms) = postSolution
		{EE42BF66-19A2-4C2A-A152-6CAA7E64D3F1}.Debug|Any CPU.ActiveCfg = Debug|Any CPU
		{EE42BF66-19A2-4C2A-A152-6CAA7E64D3F1}.Debug|Any CPU.Build.0 = Debug|Any CPU
		{EE42BF66-19A2-4C2A-A152-6CAA7E64D3F1}.Release|Any CPU.ActiveCfg = Release|Any CPU
		{EE42BF66-19A2-4C2A-A152-6CAA7E64D3F1}.Release|Any CPU.Build.0 = Release|Any CPU
	EndGlobalSection
	GlobalSection(SolutionProperties) = preSolution
		HideSolutionNode = FALSE
	EndGlobalSection
	GlobalSection(ExtensibilityGlobals) = postSolution
		SolutionGuid = {05C2C4EF-6F10-4AB1-9A9A-BDED50F5D9D0}
	EndGlobalSection
EndGlobal
