
Microsoft Visual Studio Solution File, Format Version 12.00
# Visual Studio 15
VisualStudioVersion = 15.0.28307.271
MinimumVisualStudioVersion = 10.0.40219.1
Project("{FAE04EC0-301F-11D3-BF4B-00C04F79EFBC}") = "Practica_6_1_vnt_2019", "Practica_6_1_vnt_2019\Practica_6_1_vnt_2019.csproj", "{51C03BD3-D098-4C92-B2AE-287579CC12D2}"
EndProject
Global
	GlobalSection(SolutionConfigurationPlatforms) = preSolution
		Debug|Any CPU = Debug|Any CPU
		Release|Any CPU = Release|Any CPU
	EndGlobalSection
	GlobalSection(ProjectConfigurationPlatforms) = postSolution
		{51C03BD3-D098-4C92-B2AE-287579CC12D2}.Debug|Any CPU.ActiveCfg = Debug|Any CPU
		{51C03BD3-D098-4C92-B2AE-287579CC12D2}.Debug|Any CPU.Build.0 = Debug|Any CPU
		{51C03BD3-D098-4C92-B2AE-287579CC12D2}.Release|Any CPU.ActiveCfg = Release|Any CPU
		{51C03BD3-D098-4C92-B2AE-287579CC12D2}.Release|Any CPU.Build.0 = Release|Any CPU
	EndGlobalSection
	GlobalSection(SolutionProperties) = preSolution
		HideSolutionNode = FALSE
	EndGlobalSection
	GlobalSection(ExtensibilityGlobals) = postSolution
		SolutionGuid = {06EEC4C2-D724-4DC0-AB85-74410263885A}
	EndGlobalSection
EndGlobal
